Microsoft Visual Studio Solution File, Format Version 12.00
# Visual Studio Version 17
VisualStudioVersion = 17.5.2.0
MinimumVisualStudioVersion = 10.0.40219.1
Project("{2150E333-8FDC-42A3-9474-1A3956D46DE8}") = "implementations", "implementations", "{960B990D-B96C-8BF2-4DC4-C97CD8288A26}"
EndProject
Project("{2150E333-8FDC-42A3-9474-1A3956D46DE8}") = "dotnet-corvus-jsonschema", "dotnet-corvus-jsonschema", "{114729EE-1CD5-1C18-B23F-E5D55946A9ED}"
EndProject
Project("{FAE04EC0-301F-11D3-BF4B-00C04F79EFBC}") = "bowtie_corvus_jsonschema", "implementations\dotnet-corvus-jsonschema\bowtie_corvus_jsonschema.csproj", "{5C261DAA-F000-F7A6-90C2-3BEA2BE9B4F0}"
EndProject
Project("{2150E333-8FDC-42A3-9474-1A3956D46DE8}") = "dotnet-jsonschema-net", "dotnet-jsonschema-net", "{3F2F89C3-6A39-6831-A3AF-69635760E928}"
EndProject
Project("{FAE04EC0-301F-11D3-BF4B-00C04F79EFBC}") = "bowtie_json_everything", "implementations\dotnet-jsonschema-net\bowtie_json_everything.csproj", "{6AC8F935-7C77-3683-EBE4-A88750E370A4}"
EndProject
Project("{2150E333-8FDC-42A3-9474-1A3956D46DE8}") = "dotnet-newtonsoft-json-schema", "dotnet-newtonsoft-json-schema", "{6FBF2A58-0AE6-61E3-153B-8460CA086D68}"
EndProject
Project("{FAE04EC0-301F-11D3-BF4B-00C04F79EFBC}") = "bowtie_newtonsoft_json_schema", "implementations\dotnet-newtonsoft-json-schema\bowtie_newtonsoft_json_schema.csproj", "{5E591865-CF39-98C4-2018-C83F29ADC0C6}"
EndProject
Global
	GlobalSection(SolutionConfigurationPlatforms) = preSolution
		Debug|Any CPU = Debug|Any CPU
		Release|Any CPU = Release|Any CPU
	EndGlobalSection
	GlobalSection(ProjectConfigurationPlatforms) = postSolution
		{5C261DAA-F000-F7A6-90C2-3BEA2BE9B4F0}.Debug|Any CPU.ActiveCfg = Debug|Any CPU
		{5C261DAA-F000-F7A6-90C2-3BEA2BE9B4F0}.Debug|Any CPU.Build.0 = Debug|Any CPU
		{5C261DAA-F000-F7A6-90C2-3BEA2BE9B4F0}.Release|Any CPU.ActiveCfg = Release|Any CPU
		{5C261DAA-F000-F7A6-90C2-3BEA2BE9B4F0}.Release|Any CPU.Build.0 = Release|Any CPU
		{6AC8F935-7C77-3683-EBE4-A88750E370A4}.Debug|Any CPU.ActiveCfg = Debug|Any CPU
		{6AC8F935-7C77-3683-EBE4-A88750E370A4}.Debug|Any CPU.Build.0 = Debug|Any CPU
		{6AC8F935-7C77-3683-EBE4-A88750E370A4}.Release|Any CPU.ActiveCfg = Release|Any CPU
		{6AC8F935-7C77-3683-EBE4-A88750E370A4}.Release|Any CPU.Build.0 = Release|Any CPU
		{5E591865-CF39-98C4-2018-C83F29ADC0C6}.Debug|Any CPU.ActiveCfg = Debug|Any CPU
		{5E591865-CF39-98C4-2018-C83F29ADC0C6}.Debug|Any CPU.Build.0 = Debug|Any CPU
		{5E591865-CF39-98C4-2018-C83F29ADC0C6}.Release|Any CPU.ActiveCfg = Release|Any CPU
		{5E591865-CF39-98C4-2018-C83F29ADC0C6}.Release|Any CPU.Build.0 = Release|Any CPU
	EndGlobalSection
	GlobalSection(SolutionProperties) = preSolution
		HideSolutionNode = FALSE
	EndGlobalSection
	GlobalSection(NestedProjects) = preSolution
		{114729EE-1CD5-1C18-B23F-E5D55946A9ED} = {960B990D-B96C-8BF2-4DC4-C97CD8288A26}
		{5C261DAA-F000-F7A6-90C2-3BEA2BE9B4F0} = {114729EE-1CD5-1C18-B23F-E5D55946A9ED}
		{3F2F89C3-6A39-6831-A3AF-69635760E928} = {960B990D-B96C-8BF2-4DC4-C97CD8288A26}
		{6AC8F935-7C77-3683-EBE4-A88750E370A4} = {3F2F89C3-6A39-6831-A3AF-69635760E928}
		{6FBF2A58-0AE6-61E3-153B-8460CA086D68} = {960B990D-B96C-8BF2-4DC4-C97CD8288A26}
		{5E591865-CF39-98C4-2018-C83F29ADC0C6} = {6FBF2A58-0AE6-61E3-153B-8460CA086D68}
	EndGlobalSection
	GlobalSection(ExtensibilityGlobals) = postSolution
		SolutionGuid = {C1844C2D-E5E9-4A1E-AD01-3EEA8FE4E016}
	EndGlobalSection
EndGlobal
